
Microsoft Visual Studio Solution File, Format Version 12.00
# Visual Studio Version 17
VisualStudioVersion = 17.10.35122.118
MinimumVisualStudioVersion = 10.0.40219.1
Project("{9A19103F-16F7-4668-BE54-9A1E7A4F7556}") = "CashFlow.ConsolidationApi", "src\CashFlow.ConsolidationApi\CashFlow.ConsolidationApi.csproj", "{23E86007-8160-4DE0-850E-66379AB89673}"
EndProject
Project("{9A19103F-16F7-4668-BE54-9A1E7A4F7556}") = "CashFlow.Application", "src\CashFlow.Application\CashFlow.Application.csproj", "{D98E8F23-1D5D-4D60-A63A-A9B548C99E96}"
EndProject
Project("{9A19103F-16F7-4668-BE54-9A1E7A4F7556}") = "CashFlow.Domain", "src\CashFlow.Domain\CashFlow.Domain.csproj", "{314D1C18-EA31-443D-9423-A7F27843BEBF}"
EndProject
Project("{9A19103F-16F7-4668-BE54-9A1E7A4F7556}") = "CashFlow.Infrastructure", "src\CashFlow.Infrastructure\CashFlow.Infrastructure.csproj", "{C3902B3A-B2FE-44D1-BDC2-B41625515E61}"
EndProject
Project("{9A19103F-16F7-4668-BE54-9A1E7A4F7556}") = "CashFlow.TransactionsApi", "src\CashFlow.TransactionsApi\CashFlow.TransactionsApi.csproj", "{73229C7C-8023-4AFA-98A9-944924AE998E}"
EndProject
Project("{9A19103F-16F7-4668-BE54-9A1E7A4F7556}") = "CashFlow.ApiGateway", "src\CashFlow.ApiGateway\CashFlow.ApiGateway.csproj", "{535296BA-02DA-4426-BC1F-9CF187FD61E9}"
EndProject
Project("{9A19103F-16F7-4668-BE54-9A1E7A4F7556}") = "CashFlow.AuthService", "src\CashFlow.AuthService\CashFlow.AuthService.csproj", "{DED5C5D5-B496-4DE9-94ED-16DA4DD75923}"
EndProject
Project("{9A19103F-16F7-4668-BE54-9A1E7A4F7556}") = "CashFlow.TransactionsExecutor", "src\CashFlow.TransactionsExecutor\CashFlow.TransactionsExecutor.csproj", "{66544041-338E-4F1A-A279-138EABE69E64}"
EndProject
Project("{2150E333-8FDC-42A3-9474-1A3956D46DE8}") = "Application", "Application", "{5C5A4440-7385-4B33-B817-A3448B00C526}"
EndProject
Project("{2150E333-8FDC-42A3-9474-1A3956D46DE8}") = "Domain", "Domain", "{AE13C6B3-ADE1-4777-AAA8-1A3F8EC419F0}"
EndProject
Project("{2150E333-8FDC-42A3-9474-1A3956D46DE8}") = "Infrastructure", "Infrastructure", "{0F825F4C-0FFB-4235-9355-C72231306C75}"
EndProject
Project("{2150E333-8FDC-42A3-9474-1A3956D46DE8}") = "EntryPoints", "EntryPoints", "{6E9B6AF0-4027-408D-AC3D-895108309694}"
EndProject
Global
	GlobalSection(SolutionConfigurationPlatforms) = preSolution
		Debug|Any CPU = Debug|Any CPU
		Release|Any CPU = Release|Any CPU
	EndGlobalSection
	GlobalSection(ProjectConfigurationPlatforms) = postSolution
		{23E86007-8160-4DE0-850E-66379AB89673}.Debug|Any CPU.ActiveCfg = Debug|Any CPU
		{23E86007-8160-4DE0-850E-66379AB89673}.Debug|Any CPU.Build.0 = Debug|Any CPU
		{23E86007-8160-4DE0-850E-66379AB89673}.Release|Any CPU.ActiveCfg = Release|Any CPU
		{23E86007-8160-4DE0-850E-66379AB89673}.Release|Any CPU.Build.0 = Release|Any CPU
		{D98E8F23-1D5D-4D60-A63A-A9B548C99E96}.Debug|Any CPU.ActiveCfg = Debug|Any CPU
		{D98E8F23-1D5D-4D60-A63A-A9B548C99E96}.Debug|Any CPU.Build.0 = Debug|Any CPU
		{D98E8F23-1D5D-4D60-A63A-A9B548C99E96}.Release|Any CPU.ActiveCfg = Release|Any CPU
		{D98E8F23-1D5D-4D60-A63A-A9B548C99E96}.Release|Any CPU.Build.0 = Release|Any CPU
		{314D1C18-EA31-443D-9423-A7F27843BEBF}.Debug|Any CPU.ActiveCfg = Debug|Any CPU
		{314D1C18-EA31-443D-9423-A7F27843BEBF}.Debug|Any CPU.Build.0 = Debug|Any CPU
		{314D1C18-EA31-443D-9423-A7F27843BEBF}.Release|Any CPU.ActiveCfg = Release|Any CPU
		{314D1C18-EA31-443D-9423-A7F27843BEBF}.Release|Any CPU.Build.0 = Release|Any CPU
		{C3902B3A-B2FE-44D1-BDC2-B41625515E61}.Debug|Any CPU.ActiveCfg = Debug|Any CPU
		{C3902B3A-B2FE-44D1-BDC2-B41625515E61}.Debug|Any CPU.Build.0 = Debug|Any CPU
		{C3902B3A-B2FE-44D1-BDC2-B41625515E61}.Release|Any CPU.ActiveCfg = Release|Any CPU
		{C3902B3A-B2FE-44D1-BDC2-B41625515E61}.Release|Any CPU.Build.0 = Release|Any CPU
		{73229C7C-8023-4AFA-98A9-944924AE998E}.Debug|Any CPU.ActiveCfg = Debug|Any CPU
		{73229C7C-8023-4AFA-98A9-944924AE998E}.Debug|Any CPU.Build.0 = Debug|Any CPU
		{73229C7C-8023-4AFA-98A9-944924AE998E}.Release|Any CPU.ActiveCfg = Release|Any CPU
		{73229C7C-8023-4AFA-98A9-944924AE998E}.Release|Any CPU.Build.0 = Release|Any CPU
		{535296BA-02DA-4426-BC1F-9CF187FD61E9}.Debug|Any CPU.ActiveCfg = Debug|Any CPU
		{535296BA-02DA-4426-BC1F-9CF187FD61E9}.Debug|Any CPU.Build.0 = Debug|Any CPU
		{535296BA-02DA-4426-BC1F-9CF187FD61E9}.Release|Any CPU.ActiveCfg = Release|Any CPU
		{535296BA-02DA-4426-BC1F-9CF187FD61E9}.Release|Any CPU.Build.0 = Release|Any CPU
		{DED5C5D5-B496-4DE9-94ED-16DA4DD75923}.Debug|Any CPU.ActiveCfg = Debug|Any CPU
		{DED5C5D5-B496-4DE9-94ED-16DA4DD75923}.Debug|Any CPU.Build.0 = Debug|Any CPU
		{DED5C5D5-B496-4DE9-94ED-16DA4DD75923}.Release|Any CPU.ActiveCfg = Release|Any CPU
		{DED5C5D5-B496-4DE9-94ED-16DA4DD75923}.Release|Any CPU.Build.0 = Release|Any CPU
		{66544041-338E-4F1A-A279-138EABE69E64}.Debug|Any CPU.ActiveCfg = Debug|Any CPU
		{66544041-338E-4F1A-A279-138EABE69E64}.Debug|Any CPU.Build.0 = Debug|Any CPU
		{66544041-338E-4F1A-A279-138EABE69E64}.Release|Any CPU.ActiveCfg = Release|Any CPU
		{66544041-338E-4F1A-A279-138EABE69E64}.Release|Any CPU.Build.0 = Release|Any CPU
	EndGlobalSection
	GlobalSection(SolutionProperties) = preSolution
		HideSolutionNode = FALSE
	EndGlobalSection
	GlobalSection(NestedProjects) = preSolution
		{23E86007-8160-4DE0-850E-66379AB89673} = {6E9B6AF0-4027-408D-AC3D-895108309694}
		{D98E8F23-1D5D-4D60-A63A-A9B548C99E96} = {5C5A4440-7385-4B33-B817-A3448B00C526}
		{314D1C18-EA31-443D-9423-A7F27843BEBF} = {AE13C6B3-ADE1-4777-AAA8-1A3F8EC419F0}
		{C3902B3A-B2FE-44D1-BDC2-B41625515E61} = {0F825F4C-0FFB-4235-9355-C72231306C75}
		{73229C7C-8023-4AFA-98A9-944924AE998E} = {6E9B6AF0-4027-408D-AC3D-895108309694}
		{66544041-338E-4F1A-A279-138EABE69E64} = {6E9B6AF0-4027-408D-AC3D-895108309694}
	EndGlobalSection
	GlobalSection(ExtensibilityGlobals) = postSolution
		SolutionGuid = {1C810B14-08BB-4EEB-A5A7-471E5D680EC8}
	EndGlobalSection
EndGlobal
